// !$*UTF8*$!
{
	archiveVersion = 1;
	classes = {
	};
	objectVersion = 55;
	objects = {

/* Begin PBXBuildFile section */
		C081011328B58FAE00BFE612 /* AppDelegate.swift in Sources */ = {isa = PBXBuildFile; fileRef = C081011228B58FAE00BFE612 /* AppDelegate.swift */; };
		C081011528B58FAE00BFE612 /* SceneDelegate.swift in Sources */ = {isa = PBXBuildFile; fileRef = C081011428B58FAE00BFE612 /* SceneDelegate.swift */; };
		C081011C28B58FB000BFE612 /* Assets.xcassets in Resources */ = {isa = PBXBuildFile; fileRef = C081011B28B58FB000BFE612 /* Assets.xcassets */; };
		C081012D28B590CA00BFE612 /* Service.swift in Sources */ = {isa = PBXBuildFile; fileRef = C081012C28B590CA00BFE612 /* Service.swift */; };
		C081012F28B590F100BFE612 /* BasicInfo.swift in Sources */ = {isa = PBXBuildFile; fileRef = C081012E28B590F100BFE612 /* BasicInfo.swift */; };
		C081013128B590FD00BFE612 /* About.swift in Sources */ = {isa = PBXBuildFile; fileRef = C081013028B590FD00BFE612 /* About.swift */; };
		C081013328B5910A00BFE612 /* Stats.swift in Sources */ = {isa = PBXBuildFile; fileRef = C081013228B5910A00BFE612 /* Stats.swift */; };
		C081013628B5919300BFE612 /* HomeViewController.swift in Sources */ = {isa = PBXBuildFile; fileRef = C081013528B5919300BFE612 /* HomeViewController.swift */; };
		C081013C28B6DD4900BFE612 /* PokemonViewController.swift in Sources */ = {isa = PBXBuildFile; fileRef = C081013B28B6DD4900BFE612 /* PokemonViewController.swift */; };
		C081013F28B6DD7D00BFE612 /* PokemonAboutLabelsTableViewCell.swift in Sources */ = {isa = PBXBuildFile; fileRef = C081013E28B6DD7D00BFE612 /* PokemonAboutLabelsTableViewCell.swift */; };
		C081014628B6DE3400BFE612 /* Kingfisher in Frameworks */ = {isa = PBXBuildFile; productRef = C081014528B6DE3400BFE612 /* Kingfisher */; };
		C081014928B6DF3F00BFE612 /* UIImage+Extensions.swift in Sources */ = {isa = PBXBuildFile; fileRef = C081014828B6DF3F00BFE612 /* UIImage+Extensions.swift */; };
		C081014B28B6DF5E00BFE612 /* UIView+Extensions.swift in Sources */ = {isa = PBXBuildFile; fileRef = C081014A28B6DF5E00BFE612 /* UIView+Extensions.swift */; };
		C081015428B6E15B00BFE612 /* FiltersViewController.swift in Sources */ = {isa = PBXBuildFile; fileRef = C081015328B6E15B00BFE612 /* FiltersViewController.swift */; };
		C081015628B6E18300BFE612 /* FilterOptionTableViewCell.swift in Sources */ = {isa = PBXBuildFile; fileRef = C081015528B6E18300BFE612 /* FilterOptionTableViewCell.swift */; };
		C0E23F4C28C80A42006F6CE2 /* HomePokemonTableViewCell.swift in Sources */ = {isa = PBXBuildFile; fileRef = C0E23F4B28C80A42006F6CE2 /* HomePokemonTableViewCell.swift */; };
		C0E23F5028C82111006F6CE2 /* TypeStackView.swift in Sources */ = {isa = PBXBuildFile; fileRef = C0E23F4F28C82111006F6CE2 /* TypeStackView.swift */; };
		C0E23F5228C82198006F6CE2 /* HomePokemonImageView.swift in Sources */ = {isa = PBXBuildFile; fileRef = C0E23F5128C82198006F6CE2 /* HomePokemonImageView.swift */; };
		C0E23F5428C823D6006F6CE2 /* HomePokemonCellLabel.swift in Sources */ = {isa = PBXBuildFile; fileRef = C0E23F5328C823D6006F6CE2 /* HomePokemonCellLabel.swift */; };
		C0E23F5628C8261C006F6CE2 /* String+Extensions.swift in Sources */ = {isa = PBXBuildFile; fileRef = C0E23F5528C8261C006F6CE2 /* String+Extensions.swift */; };
		C0E23F5D28CCE87A006F6CE2 /* PokemonBaseStatsTableViewCell.swift in Sources */ = {isa = PBXBuildFile; fileRef = C0E23F5C28CCE87A006F6CE2 /* PokemonBaseStatsTableViewCell.swift */; };
		C0E23F5F28CD2E5E006F6CE2 /* PokemonDefensesTableViewCell.swift in Sources */ = {isa = PBXBuildFile; fileRef = C0E23F5E28CD2E5E006F6CE2 /* PokemonDefensesTableViewCell.swift */; };
/* End PBXBuildFile section */

/* Begin PBXFileReference section */
		C081010F28B58FAE00BFE612 /* SwiftPokedex.app */ = {isa = PBXFileReference; explicitFileType = wrapper.application; includeInIndex = 0; path = SwiftPokedex.app; sourceTree = BUILT_PRODUCTS_DIR; };
		C081011228B58FAE00BFE612 /* AppDelegate.swift */ = {isa = PBXFileReference; lastKnownFileType = sourcecode.swift; path = AppDelegate.swift; sourceTree = "<group>"; };
		C081011428B58FAE00BFE612 /* SceneDelegate.swift */ = {isa = PBXFileReference; lastKnownFileType = sourcecode.swift; path = SceneDelegate.swift; sourceTree = "<group>"; };
		C081011B28B58FB000BFE612 /* Assets.xcassets */ = {isa = PBXFileReference; lastKnownFileType = folder.assetcatalog; path = Assets.xcassets; sourceTree = "<group>"; };
		C081012028B58FB000BFE612 /* Info.plist */ = {isa = PBXFileReference; lastKnownFileType = text.plist.xml; path = Info.plist; sourceTree = "<group>"; };
		C081012C28B590CA00BFE612 /* Service.swift */ = {isa = PBXFileReference; lastKnownFileType = sourcecode.swift; path = Service.swift; sourceTree = "<group>"; };
		C081012E28B590F100BFE612 /* BasicInfo.swift */ = {isa = PBXFileReference; lastKnownFileType = sourcecode.swift; path = BasicInfo.swift; sourceTree = "<group>"; };
		C081013028B590FD00BFE612 /* About.swift */ = {isa = PBXFileReference; lastKnownFileType = sourcecode.swift; path = About.swift; sourceTree = "<group>"; };
		C081013228B5910A00BFE612 /* Stats.swift */ = {isa = PBXFileReference; lastKnownFileType = sourcecode.swift; path = Stats.swift; sourceTree = "<group>"; };
		C081013528B5919300BFE612 /* HomeViewController.swift */ = {isa = PBXFileReference; lastKnownFileType = sourcecode.swift; path = HomeViewController.swift; sourceTree = "<group>"; };
		C081013B28B6DD4900BFE612 /* PokemonViewController.swift */ = {isa = PBXFileReference; lastKnownFileType = sourcecode.swift; path = PokemonViewController.swift; sourceTree = "<group>"; };
		C081013E28B6DD7D00BFE612 /* PokemonAboutLabelsTableViewCell.swift */ = {isa = PBXFileReference; lastKnownFileType = sourcecode.swift; path = PokemonAboutLabelsTableViewCell.swift; sourceTree = "<group>"; };
		C081014828B6DF3F00BFE612 /* UIImage+Extensions.swift */ = {isa = PBXFileReference; lastKnownFileType = sourcecode.swift; path = "UIImage+Extensions.swift"; sourceTree = "<group>"; };
		C081014A28B6DF5E00BFE612 /* UIView+Extensions.swift */ = {isa = PBXFileReference; lastKnownFileType = sourcecode.swift; path = "UIView+Extensions.swift"; sourceTree = "<group>"; };
		C081015328B6E15B00BFE612 /* FiltersViewController.swift */ = {isa = PBXFileReference; lastKnownFileType = sourcecode.swift; path = FiltersViewController.swift; sourceTree = "<group>"; };
		C081015528B6E18300BFE612 /* FilterOptionTableViewCell.swift */ = {isa = PBXFileReference; lastKnownFileType = sourcecode.swift; path = FilterOptionTableViewCell.swift; sourceTree = "<group>"; };
		C0E23F4B28C80A42006F6CE2 /* HomePokemonTableViewCell.swift */ = {isa = PBXFileReference; lastKnownFileType = sourcecode.swift; path = HomePokemonTableViewCell.swift; sourceTree = "<group>"; };
		C0E23F4F28C82111006F6CE2 /* TypeStackView.swift */ = {isa = PBXFileReference; lastKnownFileType = sourcecode.swift; path = TypeStackView.swift; sourceTree = "<group>"; };
		C0E23F5128C82198006F6CE2 /* HomePokemonImageView.swift */ = {isa = PBXFileReference; lastKnownFileType = sourcecode.swift; path = HomePokemonImageView.swift; sourceTree = "<group>"; };
		C0E23F5328C823D6006F6CE2 /* HomePokemonCellLabel.swift */ = {isa = PBXFileReference; lastKnownFileType = sourcecode.swift; path = HomePokemonCellLabel.swift; sourceTree = "<group>"; };
		C0E23F5528C8261C006F6CE2 /* String+Extensions.swift */ = {isa = PBXFileReference; lastKnownFileType = sourcecode.swift; path = "String+Extensions.swift"; sourceTree = "<group>"; };
		C0E23F5C28CCE87A006F6CE2 /* PokemonBaseStatsTableViewCell.swift */ = {isa = PBXFileReference; lastKnownFileType = sourcecode.swift; path = PokemonBaseStatsTableViewCell.swift; sourceTree = "<group>"; };
		C0E23F5E28CD2E5E006F6CE2 /* PokemonDefensesTableViewCell.swift */ = {isa = PBXFileReference; lastKnownFileType = sourcecode.swift; path = PokemonDefensesTableViewCell.swift; sourceTree = "<group>"; };
/* End PBXFileReference section */

/* Begin PBXFrameworksBuildPhase section */
		C081010C28B58FAE00BFE612 /* Frameworks */ = {
			isa = PBXFrameworksBuildPhase;
			buildActionMask = 2147483647;
			files = (
				C081014628B6DE3400BFE612 /* Kingfisher in Frameworks */,
			);
			runOnlyForDeploymentPostprocessing = 0;
		};
/* End PBXFrameworksBuildPhase section */

/* Begin PBXGroup section */
		C081010628B58FAE00BFE612 = {
			isa = PBXGroup;
			children = (
				C081011128B58FAE00BFE612 /* SwiftPokedex */,
				C081011028B58FAE00BFE612 /* Products */,
			);
			sourceTree = "<group>";
		};
		C081011028B58FAE00BFE612 /* Products */ = {
			isa = PBXGroup;
			children = (
				C081010F28B58FAE00BFE612 /* SwiftPokedex.app */,
			);
			name = Products;
			sourceTree = "<group>";
		};
		C081011128B58FAE00BFE612 /* SwiftPokedex */ = {
			isa = PBXGroup;
			children = (
				C081012B28B5906D00BFE612 /* Service */,
				C081012A28B5906500BFE612 /* Model */,
				C081012928B5905E00BFE612 /* Extensions */,
				C081012828B5904600BFE612 /* ViewControllers */,
				C081012628B5903100BFE612 /* App */,
				C081011B28B58FB000BFE612 /* Assets.xcassets */,
				C081012028B58FB000BFE612 /* Info.plist */,
			);
			path = SwiftPokedex;
			sourceTree = "<group>";
		};
		C081012628B5903100BFE612 /* App */ = {
			isa = PBXGroup;
			children = (
				C081011228B58FAE00BFE612 /* AppDelegate.swift */,
				C081011428B58FAE00BFE612 /* SceneDelegate.swift */,
			);
			path = App;
			sourceTree = "<group>";
		};
		C081012828B5904600BFE612 /* ViewControllers */ = {
			isa = PBXGroup;
			children = (
				C081015228B6E12A00BFE612 /* Filters */,
				C081013A28B6DD3600BFE612 /* Pokemon */,
				C081013428B5916400BFE612 /* Home */,
			);
			path = ViewControllers;
			sourceTree = "<group>";
		};
		C081012928B5905E00BFE612 /* Extensions */ = {
			isa = PBXGroup;
			children = (
				C081014828B6DF3F00BFE612 /* UIImage+Extensions.swift */,
				C081014A28B6DF5E00BFE612 /* UIView+Extensions.swift */,
				C0E23F5528C8261C006F6CE2 /* String+Extensions.swift */,
			);
			path = Extensions;
			sourceTree = "<group>";
		};
		C081012A28B5906500BFE612 /* Model */ = {
			isa = PBXGroup;
			children = (
				C081012E28B590F100BFE612 /* BasicInfo.swift */,
				C081013028B590FD00BFE612 /* About.swift */,
				C081013228B5910A00BFE612 /* Stats.swift */,
			);
			path = Model;
			sourceTree = "<group>";
		};
		C081012B28B5906D00BFE612 /* Service */ = {
			isa = PBXGroup;
			children = (
				C081012C28B590CA00BFE612 /* Service.swift */,
			);
			path = Service;
			sourceTree = "<group>";
		};
		C081013428B5916400BFE612 /* Home */ = {
			isa = PBXGroup;
			children = (
				C081013528B5919300BFE612 /* HomeViewController.swift */,
				C0E23F4D28C820F1006F6CE2 /* Cells */,
			);
			path = Home;
			sourceTree = "<group>";
		};
		C081013A28B6DD3600BFE612 /* Pokemon */ = {
			isa = PBXGroup;
			children = (
				C081013B28B6DD4900BFE612 /* PokemonViewController.swift */,
				C081013D28B6DD5600BFE612 /* Cells */,
			);
			path = Pokemon;
			sourceTree = "<group>";
		};
		C081013D28B6DD5600BFE612 /* Cells */ = {
			isa = PBXGroup;
			children = (
				C081013E28B6DD7D00BFE612 /* PokemonAboutLabelsTableViewCell.swift */,
				C0E23F5C28CCE87A006F6CE2 /* PokemonBaseStatsTableViewCell.swift */,
				C0E23F5E28CD2E5E006F6CE2 /* PokemonDefensesTableViewCell.swift */,
			);
			path = Cells;
			sourceTree = "<group>";
		};
		C081015228B6E12A00BFE612 /* Filters */ = {
			isa = PBXGroup;
			children = (
				C081015328B6E15B00BFE612 /* FiltersViewController.swift */,
				C081015528B6E18300BFE612 /* FilterOptionTableViewCell.swift */,
			);
			path = Filters;
			sourceTree = "<group>";
		};
		C0E23F4D28C820F1006F6CE2 /* Cells */ = {
			isa = PBXGroup;
			children = (
				C0E23F4B28C80A42006F6CE2 /* HomePokemonTableViewCell.swift */,
				C0E23F4E28C820FA006F6CE2 /* Components */,
			);
			path = Cells;
			sourceTree = "<group>";
		};
		C0E23F4E28C820FA006F6CE2 /* Components */ = {
			isa = PBXGroup;
			children = (
				C0E23F4F28C82111006F6CE2 /* TypeStackView.swift */,
				C0E23F5128C82198006F6CE2 /* HomePokemonImageView.swift */,
				C0E23F5328C823D6006F6CE2 /* HomePokemonCellLabel.swift */,
			);
			path = Components;
			sourceTree = "<group>";
		};
/* End PBXGroup section */

/* Begin PBXNativeTarget section */
		C081010E28B58FAE00BFE612 /* SwiftPokedex */ = {
			isa = PBXNativeTarget;
			buildConfigurationList = C081012328B58FB000BFE612 /* Build configuration list for PBXNativeTarget "SwiftPokedex" */;
			buildPhases = (
				C081014728B6DEC300BFE612 /* Swiftlint */,
				C081010B28B58FAE00BFE612 /* Sources */,
				C081010C28B58FAE00BFE612 /* Frameworks */,
				C081010D28B58FAE00BFE612 /* Resources */,
			);
			buildRules = (
			);
			dependencies = (
			);
			name = SwiftPokedex;
			packageProductDependencies = (
				C081014528B6DE3400BFE612 /* Kingfisher */,
			);
			productName = SwiftPokedex;
			productReference = C081010F28B58FAE00BFE612 /* SwiftPokedex.app */;
			productType = "com.apple.product-type.application";
		};
/* End PBXNativeTarget section */

/* Begin PBXProject section */
		C081010728B58FAE00BFE612 /* Project object */ = {
			isa = PBXProject;
			attributes = {
				BuildIndependentTargetsInParallel = 1;
				LastSwiftUpdateCheck = 1340;
				LastUpgradeCheck = 1340;
				TargetAttributes = {
					C081010E28B58FAE00BFE612 = {
						CreatedOnToolsVersion = 13.4.1;
					};
				};
			};
			buildConfigurationList = C081010A28B58FAE00BFE612 /* Build configuration list for PBXProject "SwiftPokedex" */;
			compatibilityVersion = "Xcode 13.0";
			developmentRegion = en;
			hasScannedForEncodings = 0;
			knownRegions = (
				en,
				Base,
			);
			mainGroup = C081010628B58FAE00BFE612;
			packageReferences = (
				C081014428B6DE3400BFE612 /* XCRemoteSwiftPackageReference "Kingfisher" */,
			);
			productRefGroup = C081011028B58FAE00BFE612 /* Products */;
			projectDirPath = "";
			projectRoot = "";
			targets = (
				C081010E28B58FAE00BFE612 /* SwiftPokedex */,
			);
		};
/* End PBXProject section */

/* Begin PBXResourcesBuildPhase section */
		C081010D28B58FAE00BFE612 /* Resources */ = {
			isa = PBXResourcesBuildPhase;
			buildActionMask = 2147483647;
			files = (
				C081011C28B58FB000BFE612 /* Assets.xcassets in Resources */,
			);
			runOnlyForDeploymentPostprocessing = 0;
		};
/* End PBXResourcesBuildPhase section */

/* Begin PBXShellScriptBuildPhase section */
		C081014728B6DEC300BFE612 /* Swiftlint */ = {
			isa = PBXShellScriptBuildPhase;
			buildActionMask = 2147483647;
			files = (
			);
			inputFileListPaths = (
			);
			inputPaths = (
			);
			name = Swiftlint;
			outputFileListPaths = (
			);
			outputPaths = (
			);
			runOnlyForDeploymentPostprocessing = 0;
			shellPath = /bin/sh;
			shellScript = "if which swiftlint >/dev/null; then\n    swiftlint\nelse\necho \"warning: SwiftLint not installed, download from https://github.com/realm/SwiftLint\"\nfi\n";
		};
/* End PBXShellScriptBuildPhase section */

/* Begin PBXSourcesBuildPhase section */
		C081010B28B58FAE00BFE612 /* Sources */ = {
			isa = PBXSourcesBuildPhase;
			buildActionMask = 2147483647;
			files = (
				C0E23F5628C8261C006F6CE2 /* String+Extensions.swift in Sources */,
				C081013128B590FD00BFE612 /* About.swift in Sources */,
				C0E23F5228C82198006F6CE2 /* HomePokemonImageView.swift in Sources */,
				C081014928B6DF3F00BFE612 /* UIImage+Extensions.swift in Sources */,
				C081013F28B6DD7D00BFE612 /* PokemonAboutLabelsTableViewCell.swift in Sources */,
				C081012D28B590CA00BFE612 /* Service.swift in Sources */,
				C081013628B5919300BFE612 /* HomeViewController.swift in Sources */,
				C081015628B6E18300BFE612 /* FilterOptionTableViewCell.swift in Sources */,
				C081013328B5910A00BFE612 /* Stats.swift in Sources */,
				C081011328B58FAE00BFE612 /* AppDelegate.swift in Sources */,
				C081013C28B6DD4900BFE612 /* PokemonViewController.swift in Sources */,
				C0E23F5D28CCE87A006F6CE2 /* PokemonBaseStatsTableViewCell.swift in Sources */,
				C081012F28B590F100BFE612 /* BasicInfo.swift in Sources */,
				C0E23F5028C82111006F6CE2 /* TypeStackView.swift in Sources */,
				C081014B28B6DF5E00BFE612 /* UIView+Extensions.swift in Sources */,
				C081015428B6E15B00BFE612 /* FiltersViewController.swift in Sources */,
				C0E23F5428C823D6006F6CE2 /* HomePokemonCellLabel.swift in Sources */,
				C0E23F4C28C80A42006F6CE2 /* HomePokemonTableViewCell.swift in Sources */,
				C0E23F5F28CD2E5E006F6CE2 /* PokemonDefensesTableViewCell.swift in Sources */,
				C081011528B58FAE00BFE612 /* SceneDelegate.swift in Sources */,
			);
			runOnlyForDeploymentPostprocessing = 0;
		};
/* End PBXSourcesBuildPhase section */

/* Begin XCBuildConfiguration section */
		C081012128B58FB000BFE612 /* Debug */ = {
			isa = XCBuildConfiguration;
			buildSettings = {
				ALWAYS_SEARCH_USER_PATHS = NO;
				CLANG_ANALYZER_NONNULL = YES;
				CLANG_ANALYZER_NUMBER_OBJECT_CONVERSION = YES_AGGRESSIVE;
				CLANG_CXX_LANGUAGE_STANDARD = "gnu++17";
				CLANG_ENABLE_MODULES = YES;
				CLANG_ENABLE_OBJC_ARC = YES;
				CLANG_ENABLE_OBJC_WEAK = YES;
				CLANG_WARN_BLOCK_CAPTURE_AUTORELEASING = YES;
				CLANG_WARN_BOOL_CONVERSION = YES;
				CLANG_WARN_COMMA = YES;
				CLANG_WARN_CONSTANT_CONVERSION = YES;
				CLANG_WARN_DEPRECATED_OBJC_IMPLEMENTATIONS = YES;
				CLANG_WARN_DIRECT_OBJC_ISA_USAGE = YES_ERROR;
				CLANG_WARN_DOCUMENTATION_COMMENTS = YES;
				CLANG_WARN_EMPTY_BODY = YES;
				CLANG_WARN_ENUM_CONVERSION = YES;
				CLANG_WARN_INFINITE_RECURSION = YES;
				CLANG_WARN_INT_CONVERSION = YES;
				CLANG_WARN_NON_LITERAL_NULL_CONVERSION = YES;
				CLANG_WARN_OBJC_IMPLICIT_RETAIN_SELF = YES;
				CLANG_WARN_OBJC_LITERAL_CONVERSION = YES;
				CLANG_WARN_OBJC_ROOT_CLASS = YES_ERROR;
				CLANG_WARN_QUOTED_INCLUDE_IN_FRAMEWORK_HEADER = YES;
				CLANG_WARN_RANGE_LOOP_ANALYSIS = YES;
				CLANG_WARN_STRICT_PROTOTYPES = YES;
				CLANG_WARN_SUSPICIOUS_MOVE = YES;
				CLANG_WARN_UNGUARDED_AVAILABILITY = YES_AGGRESSIVE;
				CLANG_WARN_UNREACHABLE_CODE = YES;
				CLANG_WARN__DUPLICATE_METHOD_MATCH = YES;
				COPY_PHASE_STRIP = NO;
				DEBUG_INFORMATION_FORMAT = dwarf;
				ENABLE_STRICT_OBJC_MSGSEND = YES;
				ENABLE_TESTABILITY = YES;
				GCC_C_LANGUAGE_STANDARD = gnu11;
				GCC_DYNAMIC_NO_PIC = NO;
				GCC_NO_COMMON_BLOCKS = YES;
				GCC_OPTIMIZATION_LEVEL = 0;
				GCC_PREPROCESSOR_DEFINITIONS = (
					"DEBUG=1",
					"$(inherited)",
				);
				GCC_WARN_64_TO_32_BIT_CONVERSION = YES;
				GCC_WARN_ABOUT_RETURN_TYPE = YES_ERROR;
				GCC_WARN_UNDECLARED_SELECTOR = YES;
				GCC_WARN_UNINITIALIZED_AUTOS = YES_AGGRESSIVE;
				GCC_WARN_UNUSED_FUNCTION = YES;
				GCC_WARN_UNUSED_VARIABLE = YES;
				IPHONEOS_DEPLOYMENT_TARGET = 15.5;
				MTL_ENABLE_DEBUG_INFO = INCLUDE_SOURCE;
				MTL_FAST_MATH = YES;
				ONLY_ACTIVE_ARCH = YES;
				SDKROOT = iphoneos;
				SWIFT_ACTIVE_COMPILATION_CONDITIONS = DEBUG;
				SWIFT_OPTIMIZATION_LEVEL = "-Onone";
			};
			name = Debug;
		};
		C081012228B58FB000BFE612 /* Release */ = {
			isa = XCBuildConfiguration;
			buildSettings = {
				ALWAYS_SEARCH_USER_PATHS = NO;
				CLANG_ANALYZER_NONNULL = YES;
				CLANG_ANALYZER_NUMBER_OBJECT_CONVERSION = YES_AGGRESSIVE;
				CLANG_CXX_LANGUAGE_STANDARD = "gnu++17";
				CLANG_ENABLE_MODULES = YES;
				CLANG_ENABLE_OBJC_ARC = YES;
				CLANG_ENABLE_OBJC_WEAK = YES;
				CLANG_WARN_BLOCK_CAPTURE_AUTORELEASING = YES;
				CLANG_WARN_BOOL_CONVERSION = YES;
				CLANG_WARN_COMMA = YES;
				CLANG_WARN_CONSTANT_CONVERSION = YES;
				CLANG_WARN_DEPRECATED_OBJC_IMPLEMENTATIONS = YES;
				CLANG_WARN_DIRECT_OBJC_ISA_USAGE = YES_ERROR;
				CLANG_WARN_DOCUMENTATION_COMMENTS = YES;
				CLANG_WARN_EMPTY_BODY = YES;
				CLANG_WARN_ENUM_CONVERSION = YES;
				CLANG_WARN_INFINITE_RECURSION = YES;
				CLANG_WARN_INT_CONVERSION = YES;
				CLANG_WARN_NON_LITERAL_NULL_CONVERSION = YES;
				CLANG_WARN_OBJC_IMPLICIT_RETAIN_SELF = YES;
				CLANG_WARN_OBJC_LITERAL_CONVERSION = YES;
				CLANG_WARN_OBJC_ROOT_CLASS = YES_ERROR;
				CLANG_WARN_QUOTED_INCLUDE_IN_FRAMEWORK_HEADER = YES;
				CLANG_WARN_RANGE_LOOP_ANALYSIS = YES;
				CLANG_WARN_STRICT_PROTOTYPES = YES;
				CLANG_WARN_SUSPICIOUS_MOVE = YES;
				CLANG_WARN_UNGUARDED_AVAILABILITY = YES_AGGRESSIVE;
				CLANG_WARN_UNREACHABLE_CODE = YES;
				CLANG_WARN__DUPLICATE_METHOD_MATCH = YES;
				COPY_PHASE_STRIP = NO;
				DEBUG_INFORMATION_FORMAT = "dwarf-with-dsym";
				ENABLE_NS_ASSERTIONS = NO;
				ENABLE_STRICT_OBJC_MSGSEND = YES;
				GCC_C_LANGUAGE_STANDARD = gnu11;
				GCC_NO_COMMON_BLOCKS = YES;
				GCC_WARN_64_TO_32_BIT_CONVERSION = YES;
				GCC_WARN_ABOUT_RETURN_TYPE = YES_ERROR;
				GCC_WARN_UNDECLARED_SELECTOR = YES;
				GCC_WARN_UNINITIALIZED_AUTOS = YES_AGGRESSIVE;
				GCC_WARN_UNUSED_FUNCTION = YES;
				GCC_WARN_UNUSED_VARIABLE = YES;
				IPHONEOS_DEPLOYMENT_TARGET = 15.5;
				MTL_ENABLE_DEBUG_INFO = NO;
				MTL_FAST_MATH = YES;
				SDKROOT = iphoneos;
				SWIFT_COMPILATION_MODE = wholemodule;
				SWIFT_OPTIMIZATION_LEVEL = "-O";
				VALIDATE_PRODUCT = YES;
			};
			name = Release;
		};
		C081012428B58FB000BFE612 /* Debug */ = {
			isa = XCBuildConfiguration;
			buildSettings = {
				ASSETCATALOG_COMPILER_APPICON_NAME = AppIcon;
				ASSETCATALOG_COMPILER_GLOBAL_ACCENT_COLOR_NAME = AccentColor;
				CODE_SIGN_STYLE = Automatic;
				CURRENT_PROJECT_VERSION = 1;
				DEVELOPMENT_TEAM = 83T7W4QPG8;
				GENERATE_INFOPLIST_FILE = YES;
				INFOPLIST_FILE = SwiftPokedex/Info.plist;
				INFOPLIST_KEY_UIApplicationSupportsIndirectInputEvents = YES;
				INFOPLIST_KEY_UILaunchStoryboardName = LaunchScreen;
				INFOPLIST_KEY_UISupportedInterfaceOrientations_iPad = "UIInterfaceOrientationPortrait UIInterfaceOrientationPortraitUpsideDown UIInterfaceOrientationLandscapeLeft UIInterfaceOrientationLandscapeRight";
				INFOPLIST_KEY_UISupportedInterfaceOrientations_iPhone = "UIInterfaceOrientationPortrait UIInterfaceOrientationLandscapeLeft UIInterfaceOrientationLandscapeRight";
				INFOPLIST_KEY_UIUserInterfaceStyle = Light;
				LD_RUNPATH_SEARCH_PATHS = (
					"$(inherited)",
					"@executable_path/Frameworks",
				);
				MARKETING_VERSION = 1.0;
				PRODUCT_BUNDLE_IDENTIFIER = matheuxlp.SwiftPokedex;
				PRODUCT_NAME = "$(TARGET_NAME)";
				SWIFT_EMIT_LOC_STRINGS = YES;
				SWIFT_VERSION = 5.0;
				TARGETED_DEVICE_FAMILY = "1,2";
			};
			name = Debug;
		};
		C081012528B58FB000BFE612 /* Release */ = {
			isa = XCBuildConfiguration;
			buildSettings = {
				ASSETCATALOG_COMPILER_APPICON_NAME = AppIcon;
				ASSETCATALOG_COMPILER_GLOBAL_ACCENT_COLOR_NAME = AccentColor;
				CODE_SIGN_STYLE = Automatic;
				CURRENT_PROJECT_VERSION = 1;
				DEVELOPMENT_TEAM = 83T7W4QPG8;
				GENERATE_INFOPLIST_FILE = YES;
				INFOPLIST_FILE = SwiftPokedex/Info.plist;
				INFOPLIST_KEY_UIApplicationSupportsIndirectInputEvents = YES;
				INFOPLIST_KEY_UILaunchStoryboardName = LaunchScreen;
				INFOPLIST_KEY_UISupportedInterfaceOrientations_iPad = "UIInterfaceOrientationPortrait UIInterfaceOrientationPortraitUpsideDown UIInterfaceOrientationLandscapeLeft UIInterfaceOrientationLandscapeRight";
				INFOPLIST_KEY_UISupportedInterfaceOrientations_iPhone = "UIInterfaceOrientationPortrait UIInterfaceOrientationLandscapeLeft UIInterfaceOrientationLandscapeRight";
				INFOPLIST_KEY_UIUserInterfaceStyle = Light;
				LD_RUNPATH_SEARCH_PATHS = (
					"$(inherited)",
					"@executable_path/Frameworks",
				);
				MARKETING_VERSION = 1.0;
				PRODUCT_BUNDLE_IDENTIFIER = matheuxlp.SwiftPokedex;
				PRODUCT_NAME = "$(TARGET_NAME)";
				SWIFT_EMIT_LOC_STRINGS = YES;
				SWIFT_VERSION = 5.0;
				TARGETED_DEVICE_FAMILY = "1,2";
			};
			name = Release;
		};
/* End XCBuildConfiguration section */

/* Begin XCConfigurationList section */
		C081010A28B58FAE00BFE612 /* Build configuration list for PBXProject "SwiftPokedex" */ = {
			isa = XCConfigurationList;
			buildConfigurations = (
				C081012128B58FB000BFE612 /* Debug */,
				C081012228B58FB000BFE612 /* Release */,
			);
			defaultConfigurationIsVisible = 0;
			defaultConfigurationName = Release;
		};
		C081012328B58FB000BFE612 /* Build configuration list for PBXNativeTarget "SwiftPokedex" */ = {
			isa = XCConfigurationList;
			buildConfigurations = (
				C081012428B58FB000BFE612 /* Debug */,
				C081012528B58FB000BFE612 /* Release */,
			);
			defaultConfigurationIsVisible = 0;
			defaultConfigurationName = Release;
		};
/* End XCConfigurationList section */

/* Begin XCRemoteSwiftPackageReference section */
		C081014428B6DE3400BFE612 /* XCRemoteSwiftPackageReference "Kingfisher" */ = {
			isa = XCRemoteSwiftPackageReference;
			repositoryURL = "https://github.com/onevcat/Kingfisher";
			requirement = {
				kind = upToNextMajorVersion;
				minimumVersion = 7.0.0;
			};
		};
/* End XCRemoteSwiftPackageReference section */

/* Begin XCSwiftPackageProductDependency section */
		C081014528B6DE3400BFE612 /* Kingfisher */ = {
			isa = XCSwiftPackageProductDependency;
			package = C081014428B6DE3400BFE612 /* XCRemoteSwiftPackageReference "Kingfisher" */;
			productName = Kingfisher;
		};
/* End XCSwiftPackageProductDependency section */
	};
	rootObject = C081010728B58FAE00BFE612 /* Project object */;
}
